{
  "originHash" : "d526b956b2941e51520eb1a181d281939054defb03feb9302533a12952391e2e",
  "pins" : [
    {
      "identity" : "fluidaudio",
      "kind" : "remoteSourceControl",
      "location" : "https://github.com/FluidInference/FluidAudio.git",
      "state" : {
        "revision" : "503b4bd1bbf7220882de39fe8ae6716aae4132da",
        "version" : "0.17.7"
      }
    }
  ],
  "version" : 3
}
