{
  "originHash" : "d526b956b2941e51520eb1a181d281939054defb03feb9302533a12952391e2e",
  "pins" : [
    {
      "identity" : "fluidaudio",
      "kind" : "remoteSourceControl",
      "location" : "https://github.com/FluidInference/FluidAudio.git",
      "state" : {
        "revision" : "b10bdcb51dcfeedb8001353b4ba363da1a616d6d",
        "version" : "0.14.0"
      }
    }
  ],
  "version" : 3
}
