// !$*UTF8*$!
{
	archiveVersion = 1;
	classes = {
	};
	objectVersion = 56;
	objects = {

/* Begin PBXBuildFile section */
		F0DC2B834E4BE6EFD06B9228 /* SummaryEngine.swift in Sources */ = {isa = PBXBuildFile; fileRef = 18F73A72E7F344B6A8F1F3DD /* SummaryEngine.swift */; };
		15CD5138FCA0BCCED1F11FA5 /* SummaryPromptBuilder.swift in Sources */ = {isa = PBXBuildFile; fileRef = 395881AA0C8D023430EC50AE /* SummaryPromptBuilder.swift */; };
		36C8D91020D0987C43326380 /* SummaryOutputParser.swift in Sources */ = {isa = PBXBuildFile; fileRef = BD717C9D72DB2D702C5C541E /* SummaryOutputParser.swift */; };
		B5701AEC2DB641E456E1F810 /* LlamaCppRunner.swift in Sources */ = {isa = PBXBuildFile; fileRef = CEDD97051C5FB039F3502792 /* LlamaCppRunner.swift */; };
		31F9BBA4FC1D92AB6D75193E /* LlamaCppSummarizationEngine.swift in Sources */ = {isa = PBXBuildFile; fileRef = 108CC7941A9C36C35F7AEC9A /* LlamaCppSummarizationEngine.swift */; };
		4A6D9353B0E247EF92F9D402 /* ModelDiscoveryTests.swift in Sources */ = {isa = PBXBuildFile; fileRef = 61A96044014F4044B8D17512 /* ModelDiscoveryTests.swift */; };
		B2B60921DC6C5B664F8DD737 /* SummarizationTests.swift in Sources */ = {isa = PBXBuildFile; fileRef = 2DEFD63A7FD04AB090FB58CB /* SummarizationTests.swift */; };
		B2B60922DC6C5B664F8DD737 /* AppPathsCompatibilityTests.swift in Sources */ = {isa = PBXBuildFile; fileRef = B2B60923DC6C5B664F8DD737 /* AppPathsCompatibilityTests.swift */; };
		0930659D602BC6AACC3C516E /* TranscriptMergeServiceTests.swift in Sources */ = {isa = PBXBuildFile; fileRef = 458D7BF2780B07D4DABC985A /* TranscriptMergeServiceTests.swift */; };
		1AC10EAE781C81A93B123433 /* TranscriptMergeService.swift in Sources */ = {isa = PBXBuildFile; fileRef = 4170736EE52225BAE71D569E /* TranscriptMergeService.swift */; };
		2E4CAE3A529698B5142F49C6 /* Foundation.framework in Frameworks */ = {isa = PBXBuildFile; fileRef = 2F770263847E29213B40F9F9 /* Foundation.framework */; };
		49F43926E87A51AB075E490E /* TranscriptRenderService.swift in Sources */ = {isa = PBXBuildFile; fileRef = 83340338D9A97D1FCCE50966 /* TranscriptRenderService.swift */; };
		6C21B2A77926FB977C286632 /* TranscriptionPipelineTests.swift in Sources */ = {isa = PBXBuildFile; fileRef = F9A80C0007162E4EDD80B4D5 /* TranscriptionPipelineTests.swift */; };
		8754BE5E6A83DDC122A462CC /* ASRDocument.swift in Sources */ = {isa = PBXBuildFile; fileRef = DE471CED942092CB3514DA68 /* ASRDocument.swift */; };
		894C4B7F338F3AA85AAE8A44 /* WhisperCppASREngine.swift in Sources */ = {isa = PBXBuildFile; fileRef = 86D591A145B4A823FA9F0337 /* WhisperCppASREngine.swift */; };
		8F95705CCD914B3F83D2505D /* FluidAudioASREngine.swift in Sources */ = {isa = PBXBuildFile; fileRef = A26EB5F71C65439BACDB01E3 /* FluidAudioASREngine.swift */; };
		8A1000012D82A10000A13B02 /* ModelTypes.swift in Sources */ = {isa = PBXBuildFile; fileRef = 8A1000112D82A10000A13B02 /* ModelTypes.swift */; };
		8A1000022D82A10000A13B02 /* ModelRegistry.swift in Sources */ = {isa = PBXBuildFile; fileRef = 8A1000122D82A10000A13B02 /* ModelRegistry.swift */; };
		8A1000032D82A10000A13B02 /* ModelStorage.swift in Sources */ = {isa = PBXBuildFile; fileRef = 8A1000132D82A10000A13B02 /* ModelStorage.swift */; };
		8A1000042D82A10000A13B02 /* ModelDownloader.swift in Sources */ = {isa = PBXBuildFile; fileRef = 8A1000142D82A10000A13B02 /* ModelDownloader.swift */; };
		8A1000052D82A10000A13B02 /* ModelManager.swift in Sources */ = {isa = PBXBuildFile; fileRef = 8A1000152D82A10000A13B02 /* ModelManager.swift */; };
		8A1000062D82A10000A13B02 /* ModelPreferencesStore.swift in Sources */ = {isa = PBXBuildFile; fileRef = 8A1000162D82A10000A13B02 /* ModelPreferencesStore.swift */; };
		8A1000072D82A10000A13B02 /* ModelOnboardingView.swift in Sources */ = {isa = PBXBuildFile; fileRef = 8A1000172D82A10000A13B02 /* ModelOnboardingView.swift */; };
		8A1000082D82A10000A13B02 /* ModelOnboardingCoordinator.swift in Sources */ = {isa = PBXBuildFile; fileRef = 8A1000182D82A10000A13B02 /* ModelOnboardingCoordinator.swift */; };
		8A1000092D82A10000A13B02 /* ModelSettingsView.swift in Sources */ = {isa = PBXBuildFile; fileRef = 8A1000192D82A10000A13B02 /* ModelSettingsView.swift */; };
		8A10000A2D82A10000A13B02 /* ModelSettingsViewModel.swift in Sources */ = {isa = PBXBuildFile; fileRef = 8A10001A2D82A10000A13B02 /* ModelSettingsViewModel.swift */; };
		8FD72D2C7A10F5B000000001 /* RecordingsPhaseOneTests.swift in Sources */ = {isa = PBXBuildFile; fileRef = 8FD72D2B7A10F5B000000001 /* RecordingsPhaseOneTests.swift */; };
		AA1002012EBC1D6F00000001 /* DefaultInferenceRuntimeProfileSelectorTests.swift in Sources */ = {isa = PBXBuildFile; fileRef = AA1001012EBC1D6F00000001 /* DefaultInferenceRuntimeProfileSelectorTests.swift */; };
		AA1002022EBC1D6F00000001 /* DefaultInferenceEngineFactoryTests.swift in Sources */ = {isa = PBXBuildFile; fileRef = AA1001022EBC1D6F00000001 /* DefaultInferenceEngineFactoryTests.swift */; };
		AA1002032EBC1D6F00000001 /* AudioInputAdapterTests.swift in Sources */ = {isa = PBXBuildFile; fileRef = AA1001032EBC1D6F00000001 /* AudioInputAdapterTests.swift */; };
		9C41A2402D82A10000A13B02 /* RecordlyApp.swift in Sources */ = {isa = PBXBuildFile; fileRef = 9C41A2202D82A10000A13B02 /* RecordlyApp.swift */; };
		9C41A2412D82A10000A13B02 /* ContentView.swift in Sources */ = {isa = PBXBuildFile; fileRef = 9C41A2212D82A10000A13B02 /* ContentView.swift */; };
		9C41A2422D82A10000A13B02 /* RecordingSession.swift in Sources */ = {isa = PBXBuildFile; fileRef = 9C41A2222D82A10000A13B02 /* RecordingSession.swift */; };
		9C41A2432D82A10000A13B02 /* AppPaths.swift in Sources */ = {isa = PBXBuildFile; fileRef = 9C41A2232D82A10000A13B02 /* AppPaths.swift */; };
		9C41A2442D82A10000A13B02 /* AudioCaptureService.swift in Sources */ = {isa = PBXBuildFile; fileRef = 9C41A2242D82A10000A13B02 /* AudioCaptureService.swift */; };
		9C41A2452D82A10000A13B02 /* TranscriptionPipeline.swift in Sources */ = {isa = PBXBuildFile; fileRef = 9C41A2252D82A10000A13B02 /* TranscriptionPipeline.swift */; };
		9C41A2462D82A10000A13B02 /* RecordingsStore.swift in Sources */ = {isa = PBXBuildFile; fileRef = 9C41A2262D82A10000A13B02 /* RecordingsStore.swift */; };
		9C41A2472D82A10000A13B02 /* RecordingSidebarView.swift in Sources */ = {isa = PBXBuildFile; fileRef = 9C41A2272D82A10000A13B02 /* RecordingSidebarView.swift */; };
		9C41A2482D82A10000A13B02 /* RecordingRowView.swift in Sources */ = {isa = PBXBuildFile; fileRef = 9C41A2282D82A10000A13B02 /* RecordingRowView.swift */; };
		9C41A2492D82A10000A13B02 /* RecordButton.swift in Sources */ = {isa = PBXBuildFile; fileRef = 9C41A2292D82A10000A13B02 /* RecordButton.swift */; };
		9C41A24A2D82A10000A13B02 /* RecordingDetailView.swift in Sources */ = {isa = PBXBuildFile; fileRef = 9C41A22A2D82A10000A13B02 /* RecordingDetailView.swift */; };
		9C41A24B2D82A10000A13B02 /* EmptyRecordingView.swift in Sources */ = {isa = PBXBuildFile; fileRef = 9C41A22B2D82A10000A13B02 /* EmptyRecordingView.swift */; };
		9C41A24C2D82A10000A13B02 /* Resources in Resources */ = {isa = PBXBuildFile; fileRef = 9C41A23B2D82A10000A13B02 /* Resources */; };
		A9F555109CC62D0366D8B6E9 /* TranscriptDocument.swift in Sources */ = {isa = PBXBuildFile; fileRef = A9722818F4CFA4EE76C6CC8C /* TranscriptDocument.swift */; };
		BE0F6AB6222C78AF636DEA0E /* DiarizationDocument.swift in Sources */ = {isa = PBXBuildFile; fileRef = EC87BE0D109F50639B2B62E9 /* DiarizationDocument.swift */; };
		C04C9BDC1B1EF695F88D9069 /* SystemSpeakerMappingServiceTests.swift in Sources */ = {isa = PBXBuildFile; fileRef = 248B0A3CEFC995A4371B6129 /* SystemSpeakerMappingServiceTests.swift */; };
		CAB300D62EBC1D6F00000001 /* RecordingsRepository.swift in Sources */ = {isa = PBXBuildFile; fileRef = CAB300D52EBC1D6F00000001 /* RecordingsRepository.swift */; };
		CAB300E02EBC1D6F00000001 /* PlaybackController.swift in Sources */ = {isa = PBXBuildFile; fileRef = CAB300DF2EBC1D6F00000001 /* PlaybackController.swift */; };
		CAB300E22EBC1D6F00000001 /* RecordingWorkflowController.swift in Sources */ = {isa = PBXBuildFile; fileRef = CAB300E12EBC1D6F00000001 /* RecordingWorkflowController.swift */; };
		CAB300E42EBC1D6F00000001 /* RecordingsViewState.swift in Sources */ = {isa = PBXBuildFile; fileRef = CAB300E32EBC1D6F00000001 /* RecordingsViewState.swift */; };
		CAB301012EBC1D6F00000001 /* SessionMergeService.swift in Sources */ = {isa = PBXBuildFile; fileRef = CAB301002EBC1D6F00000001 /* SessionMergeService.swift */; };
		CAB301032EBC1D6F00000001 /* DirectPCMMixService.swift in Sources */ = {isa = PBXBuildFile; fileRef = CAB301022EBC1D6F00000001 /* DirectPCMMixService.swift */; };
		D26338CDE7591CE9EB66AA72 /* CliDiarizationEngine.swift in Sources */ = {isa = PBXBuildFile; fileRef = 304A5C09AD561E6F1886EB9F /* CliDiarizationEngine.swift */; };
		E1FC38DB7BE73D51B20D5261 /* RecordingSessionCompatibilityTests.swift in Sources */ = {isa = PBXBuildFile; fileRef = 74AC31327248529A315C55DE /* RecordingSessionCompatibilityTests.swift */; };
		EEAB87995A6DA798719FE627 /* SystemSpeakerMappingService.swift in Sources */ = {isa = PBXBuildFile; fileRef = BE1BAC86460B5DF2B81C6128 /* SystemSpeakerMappingService.swift */; };
		AB1100012EBC1D6F00000001 /* InferenceStageContracts.swift in Sources */ = {isa = PBXBuildFile; fileRef = AB1100112EBC1D6F00000001 /* InferenceStageContracts.swift */; };
		AB1100022EBC1D6F00000001 /* AudioInput.swift in Sources */ = {isa = PBXBuildFile; fileRef = AB1100122EBC1D6F00000001 /* AudioInput.swift */; };
		AB1100032EBC1D6F00000001 /* InferenceRuntimeProfile.swift in Sources */ = {isa = PBXBuildFile; fileRef = AB1100132EBC1D6F00000001 /* InferenceRuntimeProfile.swift */; };
		AB1100042EBC1D6F00000001 /* DefaultInferenceRuntimeProfileSelector.swift in Sources */ = {isa = PBXBuildFile; fileRef = AB1100142EBC1D6F00000001 /* DefaultInferenceRuntimeProfileSelector.swift */; };
		AB1100052EBC1D6F00000001 /* InferenceEngineFactory.swift in Sources */ = {isa = PBXBuildFile; fileRef = AB1100152EBC1D6F00000001 /* InferenceEngineFactory.swift */; };
		AB1100062EBC1D6F00000001 /* DefaultInferenceEngineFactory.swift in Sources */ = {isa = PBXBuildFile; fileRef = AB1100162EBC1D6F00000001 /* DefaultInferenceEngineFactory.swift */; };
		AB1100072EBC1D6F00000001 /* DefaultInferenceComposition.swift in Sources */ = {isa = PBXBuildFile; fileRef = AB1100172EBC1D6F00000001 /* DefaultInferenceComposition.swift */; };
/* End PBXBuildFile section */

/* Begin PBXContainerItemProxy section */
		AB8EFF4C3CCBBBA331365658 /* PBXContainerItemProxy */ = {
			isa = PBXContainerItemProxy;
			containerPortal = 9C41A2092D82A10000A13B02 /* Project object */;
			proxyType = 1;
			remoteGlobalIDString = 9C41A2102D82A10000A13B02;
			remoteInfo = Recordly;
		};
/* End PBXContainerItemProxy section */

/* Begin PBXFileReference section */
		18F73A72E7F344B6A8F1F3DD /* SummaryEngine.swift */ = {isa = PBXFileReference; includeInIndex = 1; lastKnownFileType = sourcecode.swift; path = SummaryEngine.swift; sourceTree = "<group>"; };
		395881AA0C8D023430EC50AE /* SummaryPromptBuilder.swift */ = {isa = PBXFileReference; includeInIndex = 1; lastKnownFileType = sourcecode.swift; path = SummaryPromptBuilder.swift; sourceTree = "<group>"; };
		BD717C9D72DB2D702C5C541E /* SummaryOutputParser.swift */ = {isa = PBXFileReference; includeInIndex = 1; lastKnownFileType = sourcecode.swift; path = SummaryOutputParser.swift; sourceTree = "<group>"; };
		CEDD97051C5FB039F3502792 /* LlamaCppRunner.swift */ = {isa = PBXFileReference; includeInIndex = 1; lastKnownFileType = sourcecode.swift; path = ../Inference/Backends/LlamaCpp/LlamaCppRunner.swift; sourceTree = "<group>"; };
		108CC7941A9C36C35F7AEC9A /* LlamaCppSummarizationEngine.swift */ = {isa = PBXFileReference; includeInIndex = 1; lastKnownFileType = sourcecode.swift; path = ../Inference/Backends/LlamaCpp/LlamaCppSummarizationEngine.swift; sourceTree = "<group>"; };
		61A96044014F4044B8D17512 /* ModelDiscoveryTests.swift */ = {isa = PBXFileReference; includeInIndex = 1; lastKnownFileType = sourcecode.swift; path = ModelDiscoveryTests.swift; sourceTree = "<group>"; };
		2DEFD63A7FD04AB090FB58CB /* SummarizationTests.swift */ = {isa = PBXFileReference; includeInIndex = 1; lastKnownFileType = sourcecode.swift; path = SummarizationTests.swift; sourceTree = "<group>"; };
		B2B60923DC6C5B664F8DD737 /* AppPathsCompatibilityTests.swift */ = {isa = PBXFileReference; includeInIndex = 1; lastKnownFileType = sourcecode.swift; path = AppPathsCompatibilityTests.swift; sourceTree = "<group>"; };
		248B0A3CEFC995A4371B6129 /* SystemSpeakerMappingServiceTests.swift */ = {isa = PBXFileReference; includeInIndex = 1; lastKnownFileType = sourcecode.swift; name = SystemSpeakerMappingServiceTests.swift; path = SystemSpeakerMappingServiceTests.swift; sourceTree = "<group>"; };
		2F770263847E29213B40F9F9 /* Foundation.framework */ = {isa = PBXFileReference; lastKnownFileType = wrapper.framework; name = Foundation.framework; path = Platforms/MacOSX.platform/Developer/SDKs/MacOSX15.0.sdk/System/Library/Frameworks/Foundation.framework; sourceTree = DEVELOPER_DIR; };
		304A5C09AD561E6F1886EB9F /* CliDiarizationEngine.swift */ = {isa = PBXFileReference; includeInIndex = 1; lastKnownFileType = sourcecode.swift; path = ../Inference/Backends/CliDiarization/CliDiarizationEngine.swift; sourceTree = "<group>"; };
		4170736EE52225BAE71D569E /* TranscriptMergeService.swift */ = {isa = PBXFileReference; includeInIndex = 1; lastKnownFileType = sourcecode.swift; path = TranscriptMergeService.swift; sourceTree = "<group>"; };
		458D7BF2780B07D4DABC985A /* TranscriptMergeServiceTests.swift */ = {isa = PBXFileReference; includeInIndex = 1; lastKnownFileType = sourcecode.swift; name = TranscriptMergeServiceTests.swift; path = TranscriptMergeServiceTests.swift; sourceTree = "<group>"; };
		74AC31327248529A315C55DE /* RecordingSessionCompatibilityTests.swift */ = {isa = PBXFileReference; includeInIndex = 1; lastKnownFileType = sourcecode.swift; name = RecordingSessionCompatibilityTests.swift; path = RecordingSessionCompatibilityTests.swift; sourceTree = "<group>"; };
		83340338D9A97D1FCCE50966 /* TranscriptRenderService.swift */ = {isa = PBXFileReference; includeInIndex = 1; lastKnownFileType = sourcecode.swift; path = TranscriptRenderService.swift; sourceTree = "<group>"; };
		86D591A145B4A823FA9F0337 /* WhisperCppASREngine.swift */ = {isa = PBXFileReference; includeInIndex = 1; lastKnownFileType = sourcecode.swift; path = ../Inference/Backends/WhisperCpp/WhisperCppASREngine.swift; sourceTree = "<group>"; };
		A26EB5F71C65439BACDB01E3 /* FluidAudioASREngine.swift */ = {isa = PBXFileReference; includeInIndex = 1; lastKnownFileType = sourcecode.swift; path = Inference/Backends/FluidAudio/FluidAudioASREngine.swift; sourceTree = "<group>"; };
		8A1000112D82A10000A13B02 /* ModelTypes.swift */ = {isa = PBXFileReference; lastKnownFileType = sourcecode.swift; path = ModelTypes.swift; sourceTree = "<group>"; };
		8A1000122D82A10000A13B02 /* ModelRegistry.swift */ = {isa = PBXFileReference; lastKnownFileType = sourcecode.swift; path = ModelRegistry.swift; sourceTree = "<group>"; };
		8A1000132D82A10000A13B02 /* ModelStorage.swift */ = {isa = PBXFileReference; lastKnownFileType = sourcecode.swift; path = ModelStorage.swift; sourceTree = "<group>"; };
		8A1000142D82A10000A13B02 /* ModelDownloader.swift */ = {isa = PBXFileReference; lastKnownFileType = sourcecode.swift; path = ModelDownloader.swift; sourceTree = "<group>"; };
		8A1000152D82A10000A13B02 /* ModelManager.swift */ = {isa = PBXFileReference; lastKnownFileType = sourcecode.swift; path = ModelManager.swift; sourceTree = "<group>"; };
		8A1000162D82A10000A13B02 /* ModelPreferencesStore.swift */ = {isa = PBXFileReference; lastKnownFileType = sourcecode.swift; path = ModelPreferencesStore.swift; sourceTree = "<group>"; };
		8A1000172D82A10000A13B02 /* ModelOnboardingView.swift */ = {isa = PBXFileReference; lastKnownFileType = sourcecode.swift; path = ModelOnboardingView.swift; sourceTree = "<group>"; };
		8A1000182D82A10000A13B02 /* ModelOnboardingCoordinator.swift */ = {isa = PBXFileReference; lastKnownFileType = sourcecode.swift; path = ModelOnboardingCoordinator.swift; sourceTree = "<group>"; };
		8A1000192D82A10000A13B02 /* ModelSettingsView.swift */ = {isa = PBXFileReference; lastKnownFileType = sourcecode.swift; path = ModelSettingsView.swift; sourceTree = "<group>"; };
		8A10001A2D82A10000A13B02 /* ModelSettingsViewModel.swift */ = {isa = PBXFileReference; lastKnownFileType = sourcecode.swift; path = ModelSettingsViewModel.swift; sourceTree = "<group>"; };
		8FD72D2B7A10F5B000000001 /* RecordingsPhaseOneTests.swift */ = {isa = PBXFileReference; includeInIndex = 1; lastKnownFileType = sourcecode.swift; path = RecordingsPhaseOneTests.swift; sourceTree = "<group>"; };
		AB1100112EBC1D6F00000001 /* InferenceStageContracts.swift */ = {isa = PBXFileReference; lastKnownFileType = sourcecode.swift; path = Inference/Contracts/InferenceStageContracts.swift; sourceTree = "<group>"; };
		AB1100122EBC1D6F00000001 /* AudioInput.swift */ = {isa = PBXFileReference; lastKnownFileType = sourcecode.swift; path = Inference/Audio/AudioInput.swift; sourceTree = "<group>"; };
		AB1100132EBC1D6F00000001 /* InferenceRuntimeProfile.swift */ = {isa = PBXFileReference; lastKnownFileType = sourcecode.swift; path = Inference/Runtime/InferenceRuntimeProfile.swift; sourceTree = "<group>"; };
		AB1100142EBC1D6F00000001 /* DefaultInferenceRuntimeProfileSelector.swift */ = {isa = PBXFileReference; lastKnownFileType = sourcecode.swift; path = Inference/Runtime/DefaultInferenceRuntimeProfileSelector.swift; sourceTree = "<group>"; };
		AB1100152EBC1D6F00000001 /* InferenceEngineFactory.swift */ = {isa = PBXFileReference; lastKnownFileType = sourcecode.swift; path = Inference/Factory/InferenceEngineFactory.swift; sourceTree = "<group>"; };
		AB1100162EBC1D6F00000001 /* DefaultInferenceEngineFactory.swift */ = {isa = PBXFileReference; lastKnownFileType = sourcecode.swift; path = Inference/Factory/DefaultInferenceEngineFactory.swift; sourceTree = "<group>"; };
		AB1100172EBC1D6F00000001 /* DefaultInferenceComposition.swift */ = {isa = PBXFileReference; lastKnownFileType = sourcecode.swift; path = Inference/Composition/DefaultInferenceComposition.swift; sourceTree = "<group>"; };
		AA1001012EBC1D6F00000001 /* DefaultInferenceRuntimeProfileSelectorTests.swift */ = {isa = PBXFileReference; includeInIndex = 1; lastKnownFileType = sourcecode.swift; path = DefaultInferenceRuntimeProfileSelectorTests.swift; sourceTree = "<group>"; };
		AA1001022EBC1D6F00000001 /* DefaultInferenceEngineFactoryTests.swift */ = {isa = PBXFileReference; includeInIndex = 1; lastKnownFileType = sourcecode.swift; path = DefaultInferenceEngineFactoryTests.swift; sourceTree = "<group>"; };
		AA1001032EBC1D6F00000001 /* AudioInputAdapterTests.swift */ = {isa = PBXFileReference; includeInIndex = 1; lastKnownFileType = sourcecode.swift; path = AudioInputAdapterTests.swift; sourceTree = "<group>"; };
		9C41A2112D82A10000A13B02 /* Recordly.app */ = {isa = PBXFileReference; explicitFileType = wrapper.application; includeInIndex = 0; path = Recordly.app; sourceTree = BUILT_PRODUCTS_DIR; };
		9C41A2202D82A10000A13B02 /* RecordlyApp.swift */ = {isa = PBXFileReference; lastKnownFileType = sourcecode.swift; path = RecordlyApp.swift; sourceTree = "<group>"; };
		9C41A2212D82A10000A13B02 /* ContentView.swift */ = {isa = PBXFileReference; lastKnownFileType = sourcecode.swift; path = ContentView.swift; sourceTree = "<group>"; };
		9C41A2222D82A10000A13B02 /* RecordingSession.swift */ = {isa = PBXFileReference; lastKnownFileType = sourcecode.swift; path = RecordingSession.swift; sourceTree = "<group>"; };
		9C41A2232D82A10000A13B02 /* AppPaths.swift */ = {isa = PBXFileReference; lastKnownFileType = sourcecode.swift; path = AppPaths.swift; sourceTree = "<group>"; };
		9C41A2242D82A10000A13B02 /* AudioCaptureService.swift */ = {isa = PBXFileReference; lastKnownFileType = sourcecode.swift; path = AudioCaptureService.swift; sourceTree = "<group>"; };
		9C41A2252D82A10000A13B02 /* TranscriptionPipeline.swift */ = {isa = PBXFileReference; lastKnownFileType = sourcecode.swift; path = TranscriptionPipeline.swift; sourceTree = "<group>"; };
		9C41A2262D82A10000A13B02 /* RecordingsStore.swift */ = {isa = PBXFileReference; lastKnownFileType = sourcecode.swift; path = RecordingsStore.swift; sourceTree = "<group>"; };
		9C41A2272D82A10000A13B02 /* RecordingSidebarView.swift */ = {isa = PBXFileReference; lastKnownFileType = sourcecode.swift; path = RecordingSidebarView.swift; sourceTree = "<group>"; };
		9C41A2282D82A10000A13B02 /* RecordingRowView.swift */ = {isa = PBXFileReference; lastKnownFileType = sourcecode.swift; path = RecordingRowView.swift; sourceTree = "<group>"; };
		9C41A2292D82A10000A13B02 /* RecordButton.swift */ = {isa = PBXFileReference; lastKnownFileType = sourcecode.swift; path = RecordButton.swift; sourceTree = "<group>"; };
		9C41A22A2D82A10000A13B02 /* RecordingDetailView.swift */ = {isa = PBXFileReference; lastKnownFileType = sourcecode.swift; path = RecordingDetailView.swift; sourceTree = "<group>"; };
		9C41A22B2D82A10000A13B02 /* EmptyRecordingView.swift */ = {isa = PBXFileReference; lastKnownFileType = sourcecode.swift; path = EmptyRecordingView.swift; sourceTree = "<group>"; };
		9C41A22C2D82A10000A13B02 /* Info.plist */ = {isa = PBXFileReference; lastKnownFileType = text.plist.xml; path = Info.plist; sourceTree = "<group>"; };
		9C41A23B2D82A10000A13B02 /* Resources */ = {isa = PBXFileReference; lastKnownFileType = folder; path = Resources; sourceTree = "<group>"; };
		9FB9819BAAFB677E00C75893 /* RecordlyTests.xctest */ = {isa = PBXFileReference; explicitFileType = wrapper.cfbundle; includeInIndex = 0; path = RecordlyTests.xctest; sourceTree = BUILT_PRODUCTS_DIR; };
		A9722818F4CFA4EE76C6CC8C /* TranscriptDocument.swift */ = {isa = PBXFileReference; includeInIndex = 1; lastKnownFileType = sourcecode.swift; path = TranscriptDocument.swift; sourceTree = "<group>"; };
		BE1BAC86460B5DF2B81C6128 /* SystemSpeakerMappingService.swift */ = {isa = PBXFileReference; includeInIndex = 1; lastKnownFileType = sourcecode.swift; path = SystemSpeakerMappingService.swift; sourceTree = "<group>"; };
		CAB300D52EBC1D6F00000001 /* RecordingsRepository.swift */ = {isa = PBXFileReference; lastKnownFileType = sourcecode.swift; path = RecordingsRepository.swift; sourceTree = "<group>"; };
		CAB300DF2EBC1D6F00000001 /* PlaybackController.swift */ = {isa = PBXFileReference; lastKnownFileType = sourcecode.swift; path = PlaybackController.swift; sourceTree = "<group>"; };
		CAB300E12EBC1D6F00000001 /* RecordingWorkflowController.swift */ = {isa = PBXFileReference; lastKnownFileType = sourcecode.swift; path = RecordingWorkflowController.swift; sourceTree = "<group>"; };
		CAB300E32EBC1D6F00000001 /* RecordingsViewState.swift */ = {isa = PBXFileReference; lastKnownFileType = sourcecode.swift; path = RecordingsViewState.swift; sourceTree = "<group>"; };
		CAB301002EBC1D6F00000001 /* SessionMergeService.swift */ = {isa = PBXFileReference; lastKnownFileType = sourcecode.swift; path = SessionMergeService.swift; sourceTree = "<group>"; };
		CAB301022EBC1D6F00000001 /* DirectPCMMixService.swift */ = {isa = PBXFileReference; lastKnownFileType = sourcecode.swift; path = DirectPCMMixService.swift; sourceTree = "<group>"; };
		DE471CED942092CB3514DA68 /* ASRDocument.swift */ = {isa = PBXFileReference; includeInIndex = 1; lastKnownFileType = sourcecode.swift; path = ASRDocument.swift; sourceTree = "<group>"; };
		EC87BE0D109F50639B2B62E9 /* DiarizationDocument.swift */ = {isa = PBXFileReference; includeInIndex = 1; lastKnownFileType = sourcecode.swift; path = DiarizationDocument.swift; sourceTree = "<group>"; };
		F9A80C0007162E4EDD80B4D5 /* TranscriptionPipelineTests.swift */ = {isa = PBXFileReference; includeInIndex = 1; lastKnownFileType = sourcecode.swift; name = TranscriptionPipelineTests.swift; path = TranscriptionPipelineTests.swift; sourceTree = "<group>"; };
/* End PBXFileReference section */

/* Begin PBXFrameworksBuildPhase section */
		9C41A20F2D82A10000A13B02 /* Frameworks */ = {
			isa = PBXFrameworksBuildPhase;
			buildActionMask = 2147483647;
			files = (
			);
			runOnlyForDeploymentPostprocessing = 0;
		};
		BE60545A753B209148D7C41F /* Frameworks */ = {
			isa = PBXFrameworksBuildPhase;
			buildActionMask = 2147483647;
			files = (
				2E4CAE3A529698B5142F49C6 /* Foundation.framework in Frameworks */,
			);
			runOnlyForDeploymentPostprocessing = 0;
		};
/* End PBXFrameworksBuildPhase section */

/* Begin PBXGroup section */
		29C3C247DD8022A1CC461F0C /* RecordlyTests */ = {
			isa = PBXGroup;
			children = (
				61A96044014F4044B8D17512 /* ModelDiscoveryTests.swift */,
				458D7BF2780B07D4DABC985A /* TranscriptMergeServiceTests.swift */,
				248B0A3CEFC995A4371B6129 /* SystemSpeakerMappingServiceTests.swift */,
				F9A80C0007162E4EDD80B4D5 /* TranscriptionPipelineTests.swift */,
				2DEFD63A7FD04AB090FB58CB /* SummarizationTests.swift */,
				74AC31327248529A315C55DE /* RecordingSessionCompatibilityTests.swift */,
				B2B60923DC6C5B664F8DD737 /* AppPathsCompatibilityTests.swift */,
				8FD72D2B7A10F5B000000001 /* RecordingsPhaseOneTests.swift */,
				AA1001012EBC1D6F00000001 /* DefaultInferenceRuntimeProfileSelectorTests.swift */,
				AA1001022EBC1D6F00000001 /* DefaultInferenceEngineFactoryTests.swift */,
				AA1001032EBC1D6F00000001 /* AudioInputAdapterTests.swift */,
			);
			name = RecordlyTests;
			path = RecordlyTests;
			sourceTree = "<group>";
		};
		9C41A2082D82A10000A13B02 = {
			isa = PBXGroup;
			children = (
				9C41A2122D82A10000A13B02 /* Recordly */,
				9C41A2162D82A10000A13B02 /* Products */,
				A2EC2D5F2A550E4E447B53A3 /* Frameworks */,
				29C3C247DD8022A1CC461F0C /* RecordlyTests */,
			);
			sourceTree = "<group>";
		};
		9C41A2122D82A10000A13B02 /* Recordly */ = {
			isa = PBXGroup;
			children = (
				CAB300E52EBC1D6F00000001 /* App */,
				9C41A2152D82A10000A13B02 /* Features */,
				9C41A2132D82A10000A13B02 /* Domain */,
				9C41A2142D82A10000A13B02 /* Infrastructure */,
				9C41A22C2D82A10000A13B02 /* Info.plist */,
				9C41A23B2D82A10000A13B02 /* Resources */,
			);
			path = Recordly;
			sourceTree = "<group>";
		};
		9C41A2132D82A10000A13B02 /* Domain */ = {
			isa = PBXGroup;
			children = (
				CAB300EC2EBC1D6F00000001 /* Recordings */,
			);
			path = Domain;
			sourceTree = "<group>";
		};
		9C41A2142D82A10000A13B02 /* Infrastructure */ = {
			isa = PBXGroup;
			children = (
				CAB300EE2EBC1D6F00000001 /* Capture */,
				8A1000212D82A10000A13B02 /* Models */,
				CAB300EF2EBC1D6F00000001 /* Persistence */,
				CAB300F02EBC1D6F00000001 /* Transcription */,
				0D03820E4ED9AA154193D8B4 /* Summarization */,
				AB1100112EBC1D6F00000001 /* InferenceStageContracts.swift */,
				AB1100122EBC1D6F00000001 /* AudioInput.swift */,
				AB1100132EBC1D6F00000001 /* InferenceRuntimeProfile.swift */,
				AB1100142EBC1D6F00000001 /* DefaultInferenceRuntimeProfileSelector.swift */,
				AB1100152EBC1D6F00000001 /* InferenceEngineFactory.swift */,
				AB1100162EBC1D6F00000001 /* DefaultInferenceEngineFactory.swift */,
				AB1100172EBC1D6F00000001 /* DefaultInferenceComposition.swift */,
				A26EB5F71C65439BACDB01E3 /* FluidAudioASREngine.swift */,
			);
			path = Infrastructure;
			sourceTree = "<group>";
		};
		8A1000212D82A10000A13B02 /* Models */ = {
			isa = PBXGroup;
			children = (
				8A1000112D82A10000A13B02 /* ModelTypes.swift */,
				8A1000122D82A10000A13B02 /* ModelRegistry.swift */,
				8A1000132D82A10000A13B02 /* ModelStorage.swift */,
				8A1000142D82A10000A13B02 /* ModelDownloader.swift */,
				8A1000152D82A10000A13B02 /* ModelManager.swift */,
				8A1000162D82A10000A13B02 /* ModelPreferencesStore.swift */,
			);
			path = Models;
			sourceTree = "<group>";
		};
		8A1000222D82A10000A13B02 /* Onboarding */ = {
			isa = PBXGroup;
			children = (
				8A1000182D82A10000A13B02 /* ModelOnboardingCoordinator.swift */,
				8A1000172D82A10000A13B02 /* ModelOnboardingView.swift */,
			);
			path = Onboarding;
			sourceTree = "<group>";
		};
		8A1000232D82A10000A13B02 /* Settings */ = {
			isa = PBXGroup;
			children = (
				8A1000242D82A10000A13B02 /* Models */,
			);
			path = Settings;
			sourceTree = "<group>";
		};
		8A1000242D82A10000A13B02 /* Models */ = {
			isa = PBXGroup;
			children = (
				8A1000192D82A10000A13B02 /* ModelSettingsView.swift */,
				8A10001A2D82A10000A13B02 /* ModelSettingsViewModel.swift */,
			);
			path = Models;
			sourceTree = "<group>";
		};
		9C41A2152D82A10000A13B02 /* Features */ = {
			isa = PBXGroup;
			children = (
				8A1000222D82A10000A13B02 /* Onboarding */,
				CAB300E62EBC1D6F00000001 /* Recordings */,
				8A1000232D82A10000A13B02 /* Settings */,
			);
			path = Features;
			sourceTree = "<group>";
		};
		9C41A2162D82A10000A13B02 /* Products */ = {
			isa = PBXGroup;
			children = (
				9C41A2112D82A10000A13B02 /* Recordly.app */,
				9FB9819BAAFB677E00C75893 /* RecordlyTests.xctest */,
			);
			name = Products;
			sourceTree = "<group>";
		};
		9E5A7FC3C885CF84859FF12A /* OS X */ = {
			isa = PBXGroup;
			children = (
				2F770263847E29213B40F9F9 /* Foundation.framework */,
			);
			name = "OS X";
			sourceTree = "<group>";
		};
		A2EC2D5F2A550E4E447B53A3 /* Frameworks */ = {
			isa = PBXGroup;
			children = (
				9E5A7FC3C885CF84859FF12A /* OS X */,
			);
			name = Frameworks;
			sourceTree = "<group>";
		};
		CAB300E52EBC1D6F00000001 /* App */ = {
			isa = PBXGroup;
			children = (
				9C41A2202D82A10000A13B02 /* RecordlyApp.swift */,
				9C41A2212D82A10000A13B02 /* ContentView.swift */,
			);
			path = App;
			sourceTree = "<group>";
		};
		CAB300E62EBC1D6F00000001 /* Recordings */ = {
			isa = PBXGroup;
			children = (
				CAB300E72EBC1D6F00000001 /* Application */,
				CAB300E82EBC1D6F00000001 /* Presentation */,
				CAB300E92EBC1D6F00000001 /* Views */,
			);
			path = Recordings;
			sourceTree = "<group>";
		};
		CAB300E72EBC1D6F00000001 /* Application */ = {
			isa = PBXGroup;
			children = (
				9C41A2262D82A10000A13B02 /* RecordingsStore.swift */,
				CAB300DF2EBC1D6F00000001 /* PlaybackController.swift */,
				CAB300E12EBC1D6F00000001 /* RecordingWorkflowController.swift */,
			);
			path = Application;
			sourceTree = "<group>";
		};
		CAB300E82EBC1D6F00000001 /* Presentation */ = {
			isa = PBXGroup;
			children = (
				CAB300E32EBC1D6F00000001 /* RecordingsViewState.swift */,
			);
			path = Presentation;
			sourceTree = "<group>";
		};
		CAB300E92EBC1D6F00000001 /* Views */ = {
			isa = PBXGroup;
			children = (
				9C41A2272D82A10000A13B02 /* RecordingSidebarView.swift */,
				9C41A2282D82A10000A13B02 /* RecordingRowView.swift */,
				9C41A2292D82A10000A13B02 /* RecordButton.swift */,
				9C41A22A2D82A10000A13B02 /* RecordingDetailView.swift */,
				9C41A22B2D82A10000A13B02 /* EmptyRecordingView.swift */,
			);
			path = Views;
			sourceTree = "<group>";
		};
		CAB300EC2EBC1D6F00000001 /* Recordings */ = {
			isa = PBXGroup;
			children = (
				9C41A2222D82A10000A13B02 /* RecordingSession.swift */,
			);
			path = Recordings;
			sourceTree = "<group>";
		};
		CAB300EE2EBC1D6F00000001 /* Capture */ = {
			isa = PBXGroup;
			children = (
				9C41A2242D82A10000A13B02 /* AudioCaptureService.swift */,
				CAB301002EBC1D6F00000001 /* SessionMergeService.swift */,
				CAB301022EBC1D6F00000001 /* DirectPCMMixService.swift */,
			);
			path = Capture;
			sourceTree = "<group>";
		};
		CAB300EF2EBC1D6F00000001 /* Persistence */ = {
			isa = PBXGroup;
			children = (
				9C41A2232D82A10000A13B02 /* AppPaths.swift */,
				CAB300D52EBC1D6F00000001 /* RecordingsRepository.swift */,
			);
			path = Persistence;
			sourceTree = "<group>";
		};
		CAB300F02EBC1D6F00000001 /* Transcription */ = {
			isa = PBXGroup;
			children = (
				9C41A2252D82A10000A13B02 /* TranscriptionPipeline.swift */,
				D75E003E067665158EBDFDC8 /* Models */,
				86D591A145B4A823FA9F0337 /* WhisperCppEngine.swift */,
				304A5C09AD561E6F1886EB9F /* SystemDiarizationService.swift */,
				BE1BAC86460B5DF2B81C6128 /* SystemSpeakerMappingService.swift */,
				4170736EE52225BAE71D569E /* TranscriptMergeService.swift */,
				83340338D9A97D1FCCE50966 /* TranscriptRenderService.swift */,
			);
			path = Transcription;
			sourceTree = "<group>";
		};
		D75E003E067665158EBDFDC8 /* Models */ = {
			isa = PBXGroup;
			children = (
				DE471CED942092CB3514DA68 /* ASRDocument.swift */,
				EC87BE0D109F50639B2B62E9 /* DiarizationDocument.swift */,
				A9722818F4CFA4EE76C6CC8C /* TranscriptDocument.swift */,
			);
			name = Models;
			path = Models;
			sourceTree = "<group>";
		};

		0D03820E4ED9AA154193D8B4 /* Summarization */ = {
			isa = PBXGroup;
			children = (
				18F73A72E7F344B6A8F1F3DD /* SummaryEngine.swift */,
				395881AA0C8D023430EC50AE /* SummaryPromptBuilder.swift */,
				BD717C9D72DB2D702C5C541E /* SummaryOutputParser.swift */,
				CEDD97051C5FB039F3502792 /* LlamaCppRunner.swift */,
				108CC7941A9C36C35F7AEC9A /* LlamaCppSummaryEngine.swift */,
			);
			path = Summarization;
			sourceTree = "<group>";
		};
/* End PBXGroup section */

/* Begin PBXNativeTarget section */
		190CC4EFCFCB7A27E390A36D /* RecordlyTests */ = {
			isa = PBXNativeTarget;
			buildConfigurationList = B84DD0B3A57000A8A164B38A /* Build configuration list for PBXNativeTarget "RecordlyTests" */;
			buildPhases = (
				99D88DCD42BE3E16718EBA8A /* Sources */,
				BE60545A753B209148D7C41F /* Frameworks */,
				517596E975C89356FCA7C082 /* Resources */,
			);
			buildRules = (
			);
			dependencies = (
				C9DCA6DD4DFDAF08B89E8EEB /* PBXTargetDependency */,
			);
			name = RecordlyTests;
			productName = RecordlyTests;
			productReference = 9FB9819BAAFB677E00C75893 /* RecordlyTests.xctest */;
			productType = "com.apple.product-type.bundle.unit-test";
		};
		9C41A2102D82A10000A13B02 /* Recordly */ = {
			isa = PBXNativeTarget;
			buildConfigurationList = 9C41A21B2D82A10000A13B02 /* Build configuration list for PBXNativeTarget "Recordly" */;
			buildPhases = (
				9C41A20D2D82A10000A13B02 /* Sources */,
				9C41A20F2D82A10000A13B02 /* Frameworks */,
				9C41A20E2D82A10000A13B02 /* Resources */,
			);
			buildRules = (
			);
			dependencies = (
			);
			name = Recordly;
			productName = Recordly;
			productReference = 9C41A2112D82A10000A13B02 /* Recordly.app */;
			productType = "com.apple.product-type.application";
		};
/* End PBXNativeTarget section */

/* Begin PBXProject section */
		9C41A2092D82A10000A13B02 /* Project object */ = {
			isa = PBXProject;
			attributes = {
				BuildIndependentTargetsInParallel = 1;
				LastSwiftUpdateCheck = 1620;
				LastUpgradeCheck = 1620;
				TargetAttributes = {
					9C41A2102D82A10000A13B02 = {
						CreatedOnToolsVersion = 16.2;
					};
				};
			};
			buildConfigurationList = 9C41A20C2D82A10000A13B02 /* Build configuration list for PBXProject "Recordly" */;
			compatibilityVersion = "Xcode 14.0";
			developmentRegion = en;
			hasScannedForEncodings = 0;
			knownRegions = (
				en,
				Base,
			);
			mainGroup = 9C41A2082D82A10000A13B02;
			productRefGroup = 9C41A2162D82A10000A13B02 /* Products */;
			projectDirPath = "";
			projectRoot = "";
			targets = (
				9C41A2102D82A10000A13B02 /* Recordly */,
				190CC4EFCFCB7A27E390A36D /* RecordlyTests */,
			);
		};
/* End PBXProject section */

/* Begin PBXResourcesBuildPhase section */
		517596E975C89356FCA7C082 /* Resources */ = {
			isa = PBXResourcesBuildPhase;
			buildActionMask = 2147483647;
			files = (
			);
			runOnlyForDeploymentPostprocessing = 0;
		};
		9C41A20E2D82A10000A13B02 /* Resources */ = {
			isa = PBXResourcesBuildPhase;
			buildActionMask = 2147483647;
			files = (
				9C41A24C2D82A10000A13B02 /* Resources in Resources */,
			);
			runOnlyForDeploymentPostprocessing = 0;
		};
/* End PBXResourcesBuildPhase section */

/* Begin PBXSourcesBuildPhase section */
		99D88DCD42BE3E16718EBA8A /* Sources */ = {
			isa = PBXSourcesBuildPhase;
			buildActionMask = 2147483647;
			files = (
				4A6D9353B0E247EF92F9D402 /* ModelDiscoveryTests.swift in Sources */,
				0930659D602BC6AACC3C516E /* TranscriptMergeServiceTests.swift in Sources */,
				C04C9BDC1B1EF695F88D9069 /* SystemSpeakerMappingServiceTests.swift in Sources */,
				6C21B2A77926FB977C286632 /* TranscriptionPipelineTests.swift in Sources */,
				B2B60921DC6C5B664F8DD737 /* SummarizationTests.swift in Sources */,
				E1FC38DB7BE73D51B20D5261 /* RecordingSessionCompatibilityTests.swift in Sources */,
				B2B60922DC6C5B664F8DD737 /* AppPathsCompatibilityTests.swift in Sources */,
				8FD72D2C7A10F5B000000001 /* RecordingsPhaseOneTests.swift in Sources */,
				AA1002012EBC1D6F00000001 /* DefaultInferenceRuntimeProfileSelectorTests.swift in Sources */,
				AA1002022EBC1D6F00000001 /* DefaultInferenceEngineFactoryTests.swift in Sources */,
				AA1002032EBC1D6F00000001 /* AudioInputAdapterTests.swift in Sources */,
			);
			runOnlyForDeploymentPostprocessing = 0;
		};
		9C41A20D2D82A10000A13B02 /* Sources */ = {
			isa = PBXSourcesBuildPhase;
			buildActionMask = 2147483647;
			files = (
				9C41A2402D82A10000A13B02 /* RecordlyApp.swift in Sources */,
				9C41A2412D82A10000A13B02 /* ContentView.swift in Sources */,
				9C41A2422D82A10000A13B02 /* RecordingSession.swift in Sources */,
				9C41A2432D82A10000A13B02 /* AppPaths.swift in Sources */,
				9C41A2442D82A10000A13B02 /* AudioCaptureService.swift in Sources */,
				9C41A2452D82A10000A13B02 /* TranscriptionPipeline.swift in Sources */,
				CAB300D62EBC1D6F00000001 /* RecordingsRepository.swift in Sources */,
				9C41A2462D82A10000A13B02 /* RecordingsStore.swift in Sources */,
				CAB300E02EBC1D6F00000001 /* PlaybackController.swift in Sources */,
				CAB300E22EBC1D6F00000001 /* RecordingWorkflowController.swift in Sources */,
				CAB300E42EBC1D6F00000001 /* RecordingsViewState.swift in Sources */,
				9C41A2472D82A10000A13B02 /* RecordingSidebarView.swift in Sources */,
				9C41A2482D82A10000A13B02 /* RecordingRowView.swift in Sources */,
				9C41A2492D82A10000A13B02 /* RecordButton.swift in Sources */,
				9C41A24A2D82A10000A13B02 /* RecordingDetailView.swift in Sources */,
				9C41A24B2D82A10000A13B02 /* EmptyRecordingView.swift in Sources */,
				CAB301012EBC1D6F00000001 /* SessionMergeService.swift in Sources */,
				CAB301032EBC1D6F00000001 /* DirectPCMMixService.swift in Sources */,
				894C4B7F338F3AA85AAE8A44 /* WhisperCppASREngine.swift in Sources */,
				8F95705CCD914B3F83D2505D /* FluidAudioASREngine.swift in Sources */,
				D26338CDE7591CE9EB66AA72 /* CliDiarizationEngine.swift in Sources */,
				F0DC2B834E4BE6EFD06B9228 /* SummaryEngine.swift in Sources */,
				15CD5138FCA0BCCED1F11FA5 /* SummaryPromptBuilder.swift in Sources */,
				36C8D91020D0987C43326380 /* SummaryOutputParser.swift in Sources */,
				B5701AEC2DB641E456E1F810 /* LlamaCppRunner.swift in Sources */,
				31F9BBA4FC1D92AB6D75193E /* LlamaCppSummarizationEngine.swift in Sources */,
				EEAB87995A6DA798719FE627 /* SystemSpeakerMappingService.swift in Sources */,
				1AC10EAE781C81A93B123433 /* TranscriptMergeService.swift in Sources */,
				49F43926E87A51AB075E490E /* TranscriptRenderService.swift in Sources */,
				8754BE5E6A83DDC122A462CC /* ASRDocument.swift in Sources */,
				BE0F6AB6222C78AF636DEA0E /* DiarizationDocument.swift in Sources */,
				A9F555109CC62D0366D8B6E9 /* TranscriptDocument.swift in Sources */,
				8A1000012D82A10000A13B02 /* ModelTypes.swift in Sources */,
				8A1000022D82A10000A13B02 /* ModelRegistry.swift in Sources */,
				8A1000032D82A10000A13B02 /* ModelStorage.swift in Sources */,
				8A1000042D82A10000A13B02 /* ModelDownloader.swift in Sources */,
				8A1000052D82A10000A13B02 /* ModelManager.swift in Sources */,
				8A1000062D82A10000A13B02 /* ModelPreferencesStore.swift in Sources */,
				8A1000082D82A10000A13B02 /* ModelOnboardingCoordinator.swift in Sources */,
				8A1000072D82A10000A13B02 /* ModelOnboardingView.swift in Sources */,
				8A10000A2D82A10000A13B02 /* ModelSettingsViewModel.swift in Sources */,
				8A1000092D82A10000A13B02 /* ModelSettingsView.swift in Sources */,
				AB1100012EBC1D6F00000001 /* InferenceStageContracts.swift in Sources */,
				AB1100022EBC1D6F00000001 /* AudioInput.swift in Sources */,
				AB1100032EBC1D6F00000001 /* InferenceRuntimeProfile.swift in Sources */,
				AB1100042EBC1D6F00000001 /* DefaultInferenceRuntimeProfileSelector.swift in Sources */,
				AB1100052EBC1D6F00000001 /* InferenceEngineFactory.swift in Sources */,
				AB1100062EBC1D6F00000001 /* DefaultInferenceEngineFactory.swift in Sources */,
				AB1100072EBC1D6F00000001 /* DefaultInferenceComposition.swift in Sources */,
			);
			runOnlyForDeploymentPostprocessing = 0;
		};
/* End PBXSourcesBuildPhase section */

/* Begin PBXTargetDependency section */
		C9DCA6DD4DFDAF08B89E8EEB /* PBXTargetDependency */ = {
			isa = PBXTargetDependency;
			name = Recordly;
			target = 9C41A2102D82A10000A13B02 /* Recordly */;
			targetProxy = AB8EFF4C3CCBBBA331365658 /* PBXContainerItemProxy */;
		};
/* End PBXTargetDependency section */

/* Begin XCBuildConfiguration section */
		3C4664D6BEADDED98878768B /* Debug */ = {
			isa = XCBuildConfiguration;
			buildSettings = {
				BUNDLE_LOADER = "$(TEST_HOST)";
				GENERATE_INFOPLIST_FILE = YES;
				PRODUCT_BUNDLE_IDENTIFIER = com.local.RecordlyTests;
				PRODUCT_NAME = "$(TARGET_NAME)";
				SWIFT_VERSION = 5.0;
				TEST_HOST = "$(BUILT_PRODUCTS_DIR)/Recordly.app/Contents/MacOS/Recordly";
			};
			name = Debug;
		};
		9C41A2192D82A10000A13B02 /* Debug */ = {
			isa = XCBuildConfiguration;
			buildSettings = {
				ALWAYS_SEARCH_USER_PATHS = NO;
				CLANG_ENABLE_MODULES = YES;
				CLANG_ENABLE_OBJC_ARC = YES;
				CLANG_WARN_DOCUMENTATION_COMMENTS = YES;
				CLANG_WARN_EMPTY_BODY = YES;
				CLANG_WARN_UNGUARDED_AVAILABILITY = YES_AGGRESSIVE;
				CLANG_WARN_UNREACHABLE_CODE = YES;
				COPY_PHASE_STRIP = NO;
				DEBUG_INFORMATION_FORMAT = dwarf;
				ENABLE_STRICT_OBJC_MSGSEND = YES;
				ENABLE_TESTABILITY = YES;
				GCC_C_LANGUAGE_STANDARD = gnu17;
				GCC_DYNAMIC_NO_PIC = NO;
				GCC_NO_COMMON_BLOCKS = YES;
				GCC_OPTIMIZATION_LEVEL = 0;
				GCC_PREPROCESSOR_DEFINITIONS = (
					"DEBUG=1",
					"$(inherited)",
				);
				GCC_WARN_64_TO_32_BIT_CONVERSION = YES;
				GCC_WARN_ABOUT_RETURN_TYPE = YES_ERROR;
				GCC_WARN_UNDECLARED_SELECTOR = YES;
				GCC_WARN_UNINITIALIZED_AUTOS = YES_AGGRESSIVE;
				GCC_WARN_UNUSED_FUNCTION = YES;
				GCC_WARN_UNUSED_VARIABLE = YES;
				MACOSX_DEPLOYMENT_TARGET = 15.0;
				SDKROOT = macosx;
				SWIFT_ACTIVE_COMPILATION_CONDITIONS = "DEBUG $(inherited)";
				SWIFT_EMIT_LOC_STRINGS = YES;
				SWIFT_OPTIMIZATION_LEVEL = "-Onone";
			};
			name = Debug;
		};
		9C41A21A2D82A10000A13B02 /* Release */ = {
			isa = XCBuildConfiguration;
			buildSettings = {
				ALWAYS_SEARCH_USER_PATHS = NO;
				CLANG_ENABLE_MODULES = YES;
				CLANG_ENABLE_OBJC_ARC = YES;
				CLANG_WARN_DOCUMENTATION_COMMENTS = YES;
				CLANG_WARN_EMPTY_BODY = YES;
				CLANG_WARN_UNGUARDED_AVAILABILITY = YES_AGGRESSIVE;
				CLANG_WARN_UNREACHABLE_CODE = YES;
				COPY_PHASE_STRIP = NO;
				DEBUG_INFORMATION_FORMAT = "dwarf-with-dsym";
				ENABLE_NS_ASSERTIONS = NO;
				ENABLE_STRICT_OBJC_MSGSEND = YES;
				GCC_C_LANGUAGE_STANDARD = gnu17;
				GCC_NO_COMMON_BLOCKS = YES;
				GCC_WARN_64_TO_32_BIT_CONVERSION = YES;
				GCC_WARN_ABOUT_RETURN_TYPE = YES_ERROR;
				GCC_WARN_UNDECLARED_SELECTOR = YES;
				GCC_WARN_UNINITIALIZED_AUTOS = YES_AGGRESSIVE;
				GCC_WARN_UNUSED_FUNCTION = YES;
				GCC_WARN_UNUSED_VARIABLE = YES;
				MACOSX_DEPLOYMENT_TARGET = 15.0;
				SDKROOT = macosx;
				SWIFT_COMPILATION_MODE = wholemodule;
				SWIFT_EMIT_LOC_STRINGS = YES;
				SWIFT_OPTIMIZATION_LEVEL = "-O";
				VALIDATE_PRODUCT = YES;
			};
			name = Release;
		};
		9C41A21C2D82A10000A13B02 /* Debug */ = {
			isa = XCBuildConfiguration;
			buildSettings = {
				ASSETCATALOG_COMPILER_APPICON_NAME = "";
				CODE_SIGN_STYLE = Automatic;
				CURRENT_PROJECT_VERSION = 1;
				DEVELOPMENT_TEAM = "";
				ENABLE_APP_SANDBOX = NO;
				GENERATE_INFOPLIST_FILE = NO;
				INFOPLIST_FILE = Recordly/Info.plist;
				LD_RUNPATH_SEARCH_PATHS = (
					"$(inherited)",
					"@executable_path/../Frameworks",
				);
				MACOSX_DEPLOYMENT_TARGET = 15.0;
				MARKETING_VERSION = 0.1.0;
				PRODUCT_BUNDLE_IDENTIFIER = com.local.Recordly;
				PRODUCT_MODULE_NAME = Recordly;
				PRODUCT_NAME = Recordly;
				SDKROOT = macosx;
				STRIP_INSTALLED_PRODUCT = NO;
				SUPPORTED_PLATFORMS = macosx;
				SUPPORTS_MACCATALYST = NO;
				SWIFT_EMIT_LOC_STRINGS = YES;
				SWIFT_VERSION = 5.0;
				TARGETED_DEVICE_FAMILY = "";
			};
			name = Debug;
		};
		9C41A21D2D82A10000A13B02 /* Release */ = {
			isa = XCBuildConfiguration;
			buildSettings = {
				ASSETCATALOG_COMPILER_APPICON_NAME = "";
				CODE_SIGN_STYLE = Automatic;
				CURRENT_PROJECT_VERSION = 1;
				DEVELOPMENT_TEAM = "";
				ENABLE_APP_SANDBOX = NO;
				GENERATE_INFOPLIST_FILE = NO;
				INFOPLIST_FILE = Recordly/Info.plist;
				LD_RUNPATH_SEARCH_PATHS = (
					"$(inherited)",
					"@executable_path/../Frameworks",
				);
				MACOSX_DEPLOYMENT_TARGET = 15.0;
				MARKETING_VERSION = 0.1.0;
				PRODUCT_BUNDLE_IDENTIFIER = com.local.Recordly;
				PRODUCT_MODULE_NAME = Recordly;
				PRODUCT_NAME = Recordly;
				SDKROOT = macosx;
				SUPPORTED_PLATFORMS = macosx;
				SUPPORTS_MACCATALYST = NO;
				SWIFT_EMIT_LOC_STRINGS = YES;
				SWIFT_VERSION = 5.0;
				TARGETED_DEVICE_FAMILY = "";
			};
			name = Release;
		};
		E7A3F67905E6DC633A52A108 /* Release */ = {
			isa = XCBuildConfiguration;
			buildSettings = {
				BUNDLE_LOADER = "$(TEST_HOST)";
				GENERATE_INFOPLIST_FILE = YES;
				PRODUCT_BUNDLE_IDENTIFIER = com.local.RecordlyTests;
				PRODUCT_NAME = "$(TARGET_NAME)";
				SWIFT_VERSION = 5.0;
				TEST_HOST = "$(BUILT_PRODUCTS_DIR)/Recordly.app/Contents/MacOS/Recordly";
			};
			name = Release;
		};
/* End XCBuildConfiguration section */

/* Begin XCConfigurationList section */
		9C41A20C2D82A10000A13B02 /* Build configuration list for PBXProject "Recordly" */ = {
			isa = XCConfigurationList;
			buildConfigurations = (
				9C41A2192D82A10000A13B02 /* Debug */,
				9C41A21A2D82A10000A13B02 /* Release */,
			);
			defaultConfigurationIsVisible = 0;
			defaultConfigurationName = Release;
		};
		9C41A21B2D82A10000A13B02 /* Build configuration list for PBXNativeTarget "Recordly" */ = {
			isa = XCConfigurationList;
			buildConfigurations = (
				9C41A21C2D82A10000A13B02 /* Debug */,
				9C41A21D2D82A10000A13B02 /* Release */,
			);
			defaultConfigurationIsVisible = 0;
			defaultConfigurationName = Release;
		};
		B84DD0B3A57000A8A164B38A /* Build configuration list for PBXNativeTarget "RecordlyTests" */ = {
			isa = XCConfigurationList;
			buildConfigurations = (
				E7A3F67905E6DC633A52A108 /* Release */,
				3C4664D6BEADDED98878768B /* Debug */,
			);
			defaultConfigurationIsVisible = 0;
			defaultConfigurationName = Release;
		};
/* End XCConfigurationList section */
	};
	rootObject = 9C41A2092D82A10000A13B02 /* Project object */;
}
